
Microsoft Visual Studio Solution File, Format Version 12.00
# Visual Studio 15
VisualStudioVersion = 15.0.28307.572
MinimumVisualStudioVersion = 10.0.40219.1
Project("{9A19103F-16F7-4668-BE54-9A1E7A4F7556}") = "Web_test", "Web_test\Web_test.csproj", "{0C88A289-98A0-4266-AF32-CC5EF82BCEA5}"
EndProject
Project("{9A19103F-16F7-4668-BE54-9A1E7A4F7556}") = "HttpServer", "HttpServer\HttpServer.csproj", "{AFEFC3FA-B13A-4542-AEC3-CD52BB595A54}"
EndProject
Project("{9A19103F-16F7-4668-BE54-9A1E7A4F7556}") = "ConsoleApp1", "ConsoleApp1\ConsoleApp1.csproj", "{C65717D7-2323-4D69-BD3C-33703F7B0F94}"
EndProject
Global
	GlobalSection(SolutionConfigurationPlatforms) = preSolution
		Debug|Any CPU = Debug|Any CPU
		Release|Any CPU = Release|Any CPU
	EndGlobalSection
	GlobalSection(ProjectConfigurationPlatforms) = postSolution
		{0C88A289-98A0-4266-AF32-CC5EF82BCEA5}.Debug|Any CPU.ActiveCfg = Debug|Any CPU
		{0C88A289-98A0-4266-AF32-CC5EF82BCEA5}.Debug|Any CPU.Build.0 = Debug|Any CPU
		{0C88A289-98A0-4266-AF32-CC5EF82BCEA5}.Release|Any CPU.ActiveCfg = Release|Any CPU
		{0C88A289-98A0-4266-AF32-CC5EF82BCEA5}.Release|Any CPU.Build.0 = Release|Any CPU
		{AFEFC3FA-B13A-4542-AEC3-CD52BB595A54}.Debug|Any CPU.ActiveCfg = Debug|Any CPU
		{AFEFC3FA-B13A-4542-AEC3-CD52BB595A54}.Debug|Any CPU.Build.0 = Debug|Any CPU
		{AFEFC3FA-B13A-4542-AEC3-CD52BB595A54}.Release|Any CPU.ActiveCfg = Release|Any CPU
		{AFEFC3FA-B13A-4542-AEC3-CD52BB595A54}.Release|Any CPU.Build.0 = Release|Any CPU
		{C65717D7-2323-4D69-BD3C-33703F7B0F94}.Debug|Any CPU.ActiveCfg = Debug|Any CPU
		{C65717D7-2323-4D69-BD3C-33703F7B0F94}.Debug|Any CPU.Build.0 = Debug|Any CPU
		{C65717D7-2323-4D69-BD3C-33703F7B0F94}.Release|Any CPU.ActiveCfg = Release|Any CPU
		{C65717D7-2323-4D69-BD3C-33703F7B0F94}.Release|Any CPU.Build.0 = Release|Any CPU
	EndGlobalSection
	GlobalSection(SolutionProperties) = preSolution
		HideSolutionNode = FALSE
	EndGlobalSection
	GlobalSection(ExtensibilityGlobals) = postSolution
		SolutionGuid = {F055AC33-019F-45AE-A699-3403E896405F}
	EndGlobalSection
EndGlobal
